{
    "_meta": {
        "hash": {
            "sha256": "aeadb526c7b1a7bfd2431f88e14f05b3b8fbc1db6ab62b5ef85a9cf607fd9265"
        },
        "pipfile-spec": 6,
        "requires": {
            "python_version": "*"
        },
        "sources": [
            {
                "name": "pypi",
                "url": "https://pypi.org/simple",
                "verify_ssl": true
            }
        ]
    },
    "default": {
        "amqp": {
            "hashes": [
                "sha256:24dbaff8ce4f30566bb88976b398e8c4e77637171af3af6f1b9650f48890e60b",
                "sha256:bb68f8d2bced8f93ccfd07d96c689b716b3227720add971be980accfc2952139"
            ],
            "version": "==2.6.0"
        },
        "babel": {
            "hashes": [
                "sha256:1aac2ae2d0d8ea368fa90906567f5c08463d98ade155c0c4bfedd6a0f7160e38",
                "sha256:d670ea0b10f8b723672d3a6abeb87b565b244da220d76b4dba1b66269ec152d4"
            ],
            "version": "==2.8.0"
        },
        "billiard": {
            "hashes": [
                "sha256:42d9a227401ac4fba892918bba0a0c409def5435c4b483267ebfe821afaaba0e"
            ],
            "version": "==3.5.0.5"
        },
        "bjoern": {
            "hashes": [
                "sha256:a273b1e2dd4f9962668d416409d7936bf5535d58ba3b07bfa3520c9a71c57cd1"
            ],
            "index": "pypi",
            "version": "==2.2.3"
        },
        "celery": {
            "hashes": [
                "sha256:2082cbd82effa8ac8a8a58977d70bb203a9f362817e3b66f4578117b9f93d8a9",
                "sha256:ff727c115533edbc7b81b2b4ba1ec88d1c2fc4836e1e2f4c3c33a76ff53e5d7f"
            ],
            "index": "pypi",
            "version": "==4.2.0"
        },
        "django": {
            "hashes": [
                "sha256:014e3392058d94f40569206a24523ce254d55ad2f9f46c6550b0fe2e4f94cf3f",
                "sha256:4200aefb6678019a0acf0005cd14cfce3a5e6b9b90d06145fcdd2e474ad4329c"
            ],
            "index": "pypi",
            "version": "==1.11.29"
        },
        "django-redis": {
            "hashes": [
                "sha256:af0b393864e91228dd30d8c85b5c44d670b5524cb161b7f9e41acc98b6e5ace7",
                "sha256:f46115577063d00a890867c6964ba096057f07cb756e78e0503b89cd18e4e083"
            ],
            "index": "pypi",
            "version": "==4.10.0"
        },
        "djangorestframework": {
            "hashes": [
                "sha256:607865b0bb1598b153793892101d881466bd5a991de12bd6229abb18b1c86136",
                "sha256:63f76cbe1e7d12b94c357d7e54401103b2e52aef0f7c1650d6c820ad708776e5"
            ],
            "index": "pypi",
            "version": "==3.9.0"
        },
        "elasticsearch": {
            "hashes": [
                "sha256:7546cc08e3899716e12fe67d12d7cfe9a64647014d1134b014c3c392b63cad42",
                "sha256:aada5cfdc4a543c47098eb3aca6663848ef5d04b4324935ced441debc11ec98b"
            ],
            "index": "pypi",
            "version": "==6.3.1"
        },
        "flower": {
            "hashes": [
                "sha256:a7a828c2dbea7e9cff1c86d63626f0eeb047b1b1e9a0ee5daad30771fb51e6d0"
            ],
            "index": "pypi",
            "version": "==0.9.2"
        },
        "kombu": {
            "hashes": [
                "sha256:437b9cdea193cc2ed0b8044c85fd0f126bb3615ca2f4d4a35b39de7cacfa3c1a",
                "sha256:dc282bb277197d723bccda1a9ba30a27a28c9672d0ab93e9e51bb05a37bd29c3"
            ],
            "version": "==4.6.10"
        },
        "mysqlclient": {
            "hashes": [
                "sha256:ff8ee1be84215e6c30a746b728c41eb0701a46ca76e343af445b35ce6250644f"
            ],
            "index": "pypi",
            "version": "==1.3.13"
        },
        "pytz": {
            "hashes": [
                "sha256:a494d53b6d39c3c6e44c3bec237336e14305e4f29bbf800b599253057fbb79ed",
                "sha256:c35965d010ce31b23eeb663ed3cc8c906275d6be1a34393a1d73a41febf4a048"
            ],
            "version": "==2020.1"
        },
        "redis": {
            "hashes": [
                "sha256:2100750629beff143b6a200a2ea8e719fcf26420adabb81402895e144c5083cf",
                "sha256:8e0bdd2de02e829b6225b25646f9fb9daffea99a252610d040409a6738541f0a"
            ],
            "index": "pypi",
            "version": "==3.0.1"
        },
        "tornado": {
            "hashes": [
                "sha256:0fe2d45ba43b00a41cd73f8be321a44936dc1aba233dee979f17a042b83eb6dc",
                "sha256:22aed82c2ea340c3771e3babc5ef220272f6fd06b5108a53b4976d0d722bcd52",
                "sha256:2c027eb2a393d964b22b5c154d1a23a5f8727db6fda837118a776b29e2b8ebc6",
                "sha256:5217e601700f24e966ddab689f90b7ea4bd91ff3357c3600fa1045e26d68e55d",
                "sha256:5618f72e947533832cbc3dec54e1dffc1747a5cb17d1fd91577ed14fa0dc081b",
                "sha256:5f6a07e62e799be5d2330e68d808c8ac41d4a259b9cea61da4101b83cb5dc673",
                "sha256:c58d56003daf1b616336781b26d184023ea4af13ae143d9dda65e31e534940b9",
                "sha256:c952975c8ba74f546ae6de2e226ab3cc3cc11ae47baf607459a6728585bb542a",
                "sha256:c98232a3ac391f5faea6821b53db8db461157baa788f5d6222a193e9456e1740"
            ],
            "version": "==6.0.4"
        },
        "urllib3": {
            "hashes": [
                "sha256:3018294ebefce6572a474f0604c2021e33b3fd8006ecd11d62107a5d2a963527",
                "sha256:88206b0eb87e6d677d424843ac5209e3fb9d0190d0ee169599165ec25e9d9115"
            ],
            "version": "==1.25.9"
        },
        "uwsgi": {
            "hashes": [
                "sha256:d2318235c74665a60021a4fc7770e9c2756f9fc07de7b8c22805efe85b5ab277"
            ],
            "index": "pypi",
            "version": "==2.0.17.1"
        },
        "vine": {
            "hashes": [
                "sha256:133ee6d7a9016f177ddeaf191c1f58421a1dcc6ee9a42c58b34bed40e1d2cd87",
                "sha256:ea4947cc56d1fd6f2095c8d543ee25dad966f78692528e68b4fada11ba3f98af"
            ],
            "version": "==1.3.0"
        },
        "werkzeug": {
            "hashes": [
                "sha256:c3fd7a7d41976d9f44db327260e263132466836cef6f91512889ed60ad26557c",
                "sha256:d5da73735293558eb1651ee2fddc4d0dedcfa06538b8813a2e20011583c9e49b"
            ],
            "index": "pypi",
            "version": "==0.14.1"
        }
    },
    "develop": {
        "appdirs": {
            "hashes": [
                "sha256:7d5d0167b2b1ba821647616af46a749d1c653740dd0d2415100fe26e27afdf41",
                "sha256:a841dacd6b99318a741b166adb07e19ee71a274450e68237b4650ca1055ab128"
            ],
            "version": "==1.4.4"
        },
        "astroid": {
            "hashes": [
                "sha256:4c17cea3e592c21b6e222f673868961bad77e1f985cb1694ed077475a89229c1",
                "sha256:d8506842a3faf734b81599c8b98dcc423de863adcc1999248480b18bd31a0f38"
            ],
            "version": "==2.4.1"
        },
        "attrs": {
            "hashes": [
                "sha256:08a96c641c3a74e44eb59afb61a24f2cb9f4d7188748e76ba4bb5edfa3cb7d1c",
                "sha256:f7b7ce16570fe9965acd6d30101a28f62fb4a7f9e926b3bbc9b61f8b04247e72"
            ],
            "version": "==19.3.0"
        },
        "autopep8": {
            "hashes": [
                "sha256:33d2b5325b7e1afb4240814fe982eea3a92ebea712869bfd08b3c0393404248c"
            ],
            "index": "pypi",
            "version": "==1.4.3"
        },
        "backcall": {
            "hashes": [
                "sha256:38ecd85be2c1e78f77fd91700c76e14667dc21e2713b63876c0eb901196e01e4",
                "sha256:bbbf4b1e5cd2bdb08f915895b51081c041bac22394fdfcfdfbe9f14b77c08bf2"
            ],
            "version": "==0.1.0"
        },
        "black": {
            "hashes": [
                "sha256:817243426042db1d36617910df579a54f1afd659adb96fc5032fcf4b36209739",
                "sha256:e030a9a28f542debc08acceb273f228ac422798e5215ba2a791a6ddeaaca22a5"
            ],
            "index": "pypi",
            "version": "==18.9b0"
        },
        "click": {
            "hashes": [
                "sha256:d2b5255c7c6349bc1bd1e59e08cd12acbbd63ce649f2588755783aa94dfb6b1a",
                "sha256:dacca89f4bfadd5de3d7489b7c8a566eee0d3676333fbb50030263894c38c0dc"
            ],
            "version": "==7.1.2"
        },
        "colorama": {
            "hashes": [
                "sha256:463f8483208e921368c9f306094eb6f725c6ca42b0f97e313cb5d5512459feda",
                "sha256:48eb22f4f8461b1df5734a074b57042430fb06e1d61bd1e11b078c0fe6d7a1f1"
            ],
            "version": "==0.3.9"
        },
        "coverage": {
            "hashes": [
                "sha256:043d55226aec1d2baf4b2fcab5c204561ccf184a388096f41e396c1c092aff38",
                "sha256:10bfd0b80b01d0684f968abbe1186bc19962e07b4b7601bb43b175b617cf689d",
                "sha256:17e59864f19b3233032edb0566f26c25cc7f599503fb34d2645b5ce1fd6c2c3c",
                "sha256:2105ee183c51fed27e2b6801029b3903f5c2774c78e3f53bd920ca468d0f5679",
                "sha256:236505d15af6c7b7bfe2a9485db4b2bdea21d9239351483326184314418c79a8",
                "sha256:237284425271db4f30d458b355decf388ab20b05278bdf8dc9a65de0973726c6",
                "sha256:26d8eea4c840b73c61a1081d68bceb57b21a2d4f7afda6cac8ac38cb05226b00",
                "sha256:39a3740f7721155f4269aedf67b211101c07bd2111b334dfd69b807156ab15d9",
                "sha256:4bd0c42db8efc8a60965769796d43a5570906a870bc819f7388860aa72779d1b",
                "sha256:4dcddadea47ac30b696956bd18365cd3a86724821656601151e263b86d34798f",
                "sha256:51ea341289ac4456db946a25bd644f5635e5ae3793df262813cde875887d25c8",
                "sha256:5415cafb082dad78935b3045c2e5d8907f436d15ad24c3fdb8e1839e084e4961",
                "sha256:5631f1983074b33c35dbb84607f337b9d7e9808116d7f0f2cb7b9d6d4381d50e",
                "sha256:5e9249bc361cd22565fd98590a53fd25a3dd666b74791ed7237fa99de938bbed",
                "sha256:6a48746154f1331f28ef9e889c625b5b15a36cb86dd8021b4bdd1180a2186aa5",
                "sha256:71d376dbac64855ed693bc1ca121794570fe603e8783cdfa304ec6825d4e768f",
                "sha256:749ebd8a615337747592bd1523dfc4af7199b2bf6403b55f96c728668aeff91f",
                "sha256:8ec528b585b95234e9c0c31dcd0a89152d8ed82b4567aa62dbcb3e9a0600deee",
                "sha256:a1a9ccd879811437ca0307c914f136d6edb85bd0470e6d4966c6397927bcabd9",
                "sha256:abd956c334752776230b779537d911a5a12fcb69d8fd3fe332ae63a140301ae6",
                "sha256:ad18f836017f2e8881145795f483636564807aaed54223459915a0d4735300cf",
                "sha256:b07ac0b1533298ddbc54c9bf3464664895f22899fec027b8d6c8d3ac59023283",
                "sha256:d9385f1445e30e8e42b75a36a7899ea1fd0f5784233a626625d70f9b087de404",
                "sha256:db2d1fcd32dbeeb914b2660af1838e9c178b75173f95fd221b1f9410b5d3ef1d",
                "sha256:e1dec211147f1fd7cb7a0f9a96aeeca467a5af02d38911307b3b8c2324f9917e",
                "sha256:e96dffc1fa57bb8c1c238f3d989341a97302492d09cb11f77df031112621c35c",
                "sha256:ed4d97eb0ecdee29d0748acd84e6380729f78ce5ba0c7fe3401801634c25a1c5"
            ],
            "index": "pypi",
            "version": "==5.0a3"
        },
        "decorator": {
            "hashes": [
                "sha256:41fa54c2a0cc4ba648be4fd43cff00aedf5b9465c9bf18d64325bc225f08f760",
                "sha256:e3a62f0520172440ca0dcc823749319382e377f37f140a0b99ef45fecb84bfe7"
            ],
            "version": "==4.4.2"
        },
        "flake8": {
            "hashes": [
                "sha256:6a35f5b8761f45c5513e3405f110a86bea57982c3b75b766ce7b65217abe1670",
                "sha256:c01f8a3963b3571a8e6bd7a4063359aff90749e160778e03817cd9b71c9e07d2"
            ],
            "index": "pypi",
            "version": "==3.6.0"
        },
        "flake8-polyfill": {
            "hashes": [
                "sha256:12be6a34ee3ab795b19ca73505e7b55826d5f6ad7230d31b18e106400169b9e9",
                "sha256:e44b087597f6da52ec6393a709e7108b2905317d0c0b744cdca6208e670d8eda"
            ],
            "version": "==1.0.2"
        },
        "ipython": {
            "hashes": [
                "sha256:a5781d6934a3341a1f9acb4ea5acdc7ea0a0855e689dbe755d070ca51e995435",
                "sha256:b10a7ddd03657c761fc503495bc36471c8158e3fc948573fb9fe82a7029d8efd"
            ],
            "index": "pypi",
            "version": "==7.1.1"
        },
        "ipython-genutils": {
            "hashes": [
                "sha256:72dd37233799e619666c9f639a9da83c34013a73e8bbc79a7a6348d93c61fab8",
                "sha256:eb2e116e75ecef9d4d228fdc66af54269afa26ab4463042e33785b887c628ba8"
            ],
            "version": "==0.2.0"
        },
        "isort": {
            "hashes": [
                "sha256:54da7e92468955c4fceacd0c86bd0ec997b0e1ee80d97f67c35a78b719dccab1",
                "sha256:6e811fcb295968434526407adb8796944f1988c5b65e8139058f2014cbe100fd"
            ],
            "version": "==4.3.21"
        },
        "jedi": {
            "hashes": [
                "sha256:cd60c93b71944d628ccac47df9a60fec53150de53d42dc10a7fc4b5ba6aae798",
                "sha256:df40c97641cb943661d2db4c33c2e1ff75d491189423249e989bcea4464f3030"
            ],
            "version": "==0.17.0"
        },
        "lazy-object-proxy": {
            "hashes": [
                "sha256:0c4b206227a8097f05c4dbdd323c50edf81f15db3b8dc064d08c62d37e1a504d",
                "sha256:194d092e6f246b906e8f70884e620e459fc54db3259e60cf69a4d66c3fda3449",
                "sha256:1be7e4c9f96948003609aa6c974ae59830a6baecc5376c25c92d7d697e684c08",
                "sha256:4677f594e474c91da97f489fea5b7daa17b5517190899cf213697e48d3902f5a",
                "sha256:48dab84ebd4831077b150572aec802f303117c8cc5c871e182447281ebf3ac50",
                "sha256:5541cada25cd173702dbd99f8e22434105456314462326f06dba3e180f203dfd",
                "sha256:59f79fef100b09564bc2df42ea2d8d21a64fdcda64979c0fa3db7bdaabaf6239",
                "sha256:8d859b89baf8ef7f8bc6b00aa20316483d67f0b1cbf422f5b4dc56701c8f2ffb",
                "sha256:9254f4358b9b541e3441b007a0ea0764b9d056afdeafc1a5569eee1cc6c1b9ea",
                "sha256:9651375199045a358eb6741df3e02a651e0330be090b3bc79f6d0de31a80ec3e",
                "sha256:97bb5884f6f1cdce0099f86b907aa41c970c3c672ac8b9c8352789e103cf3156",
                "sha256:9b15f3f4c0f35727d3a0fba4b770b3c4ebbb1fa907dbcc046a1d2799f3edd142",
                "sha256:a2238e9d1bb71a56cd710611a1614d1194dc10a175c1e08d75e1a7bcc250d442",
                "sha256:a6ae12d08c0bf9909ce12385803a543bfe99b95fe01e752536a60af2b7797c62",
                "sha256:ca0a928a3ddbc5725be2dd1cf895ec0a254798915fb3a36af0964a0a4149e3db",
                "sha256:cb2c7c57005a6804ab66f106ceb8482da55f5314b7fcb06551db1edae4ad1531",
                "sha256:d74bb8693bf9cf75ac3b47a54d716bbb1a92648d5f781fc799347cfc95952383",
                "sha256:d945239a5639b3ff35b70a88c5f2f491913eb94871780ebfabb2568bd58afc5a",
                "sha256:eba7011090323c1dadf18b3b689845fd96a61ba0a1dfbd7f24b921398affc357",
                "sha256:efa1909120ce98bbb3777e8b6f92237f5d5c8ea6758efea36a473e1d38f7d3e4",
                "sha256:f3900e8a5de27447acbf900b4750b0ddfd7ec1ea7fbaf11dfa911141bc522af0"
            ],
            "version": "==1.4.3"
        },
        "mando": {
            "hashes": [
                "sha256:4ce09faec7e5192ffc3c57830e26acba0fd6cd11e1ee81af0d4df0657463bd1c",
                "sha256:79feb19dc0f097daa64a1243db578e7674909b75f88ac2220f1c065c10a0d960"
            ],
            "version": "==0.6.4"
        },
        "mccabe": {
            "hashes": [
                "sha256:ab8a6258860da4b6677da4bd2fe5dc2c659cff31b3ee4f7f5d64e79735b80d42",
                "sha256:dd8d182285a0fe56bace7f45b5e7d1a6ebcbf524e8f3bd87eb0f125271b8831f"
            ],
            "version": "==0.6.1"
        },
        "memory-profiler": {
            "hashes": [
                "sha256:d64342a23f32e105f4929b408a8b89d9222c3ce8afbbb3359817555811448d1a"
            ],
            "index": "pypi",
            "version": "==0.54.0"
        },
        "parso": {
            "hashes": [
                "sha256:158c140fc04112dc45bca311633ae5033c2c2a7b732fa33d0955bad8152a8dd0",
                "sha256:908e9fae2144a076d72ae4e25539143d40b8e3eafbaeae03c1bfe226f4cdf12c"
            ],
            "version": "==0.7.0"
        },
        "pexpect": {
            "hashes": [
                "sha256:0b48a55dcb3c05f3329815901ea4fc1537514d6ba867a152b581d69ae3710937",
                "sha256:fc65a43959d153d0114afe13997d439c22823a27cefceb5ff35c2178c6784c0c"
            ],
            "markers": "sys_platform != 'win32'",
            "version": "==4.8.0"
        },
        "pickleshare": {
            "hashes": [
                "sha256:87683d47965c1da65cdacaf31c8441d12b8044cdec9aca500cd78fc2c683afca",
                "sha256:9649af414d74d4df115d5d718f82acb59c9d418196b7b4290ed47a12ce62df56"
            ],
            "version": "==0.7.5"
        },
        "prompt-toolkit": {
            "hashes": [
                "sha256:46642344ce457641f28fc9d1c9ca939b63dadf8df128b86f1b9860e59c73a5e4",
                "sha256:e7f8af9e3d70f514373bf41aa51bc33af12a6db3f71461ea47fea985defb2c31",
                "sha256:f15af68f66e664eaa559d4ac8a928111eebd5feda0c11738b5998045224829db"
            ],
            "version": "==2.0.10"
        },
        "psutil": {
            "hashes": [
                "sha256:1413f4158eb50e110777c4f15d7c759521703bd6beb58926f1d562da40180058",
                "sha256:298af2f14b635c3c7118fd9183843f4e73e681bb6f01e12284d4d70d48a60953",
                "sha256:60b86f327c198561f101a92be1995f9ae0399736b6eced8f24af41ec64fb88d4",
                "sha256:685ec16ca14d079455892f25bd124df26ff9137664af445563c1bd36629b5e0e",
                "sha256:73f35ab66c6c7a9ce82ba44b1e9b1050be2a80cd4dcc3352cc108656b115c74f",
                "sha256:75e22717d4dbc7ca529ec5063000b2b294fc9a367f9c9ede1f65846c7955fd38",
                "sha256:a02f4ac50d4a23253b68233b07e7cdb567bd025b982d5cf0ee78296990c22d9e",
                "sha256:d008ddc00c6906ec80040d26dc2d3e3962109e40ad07fd8a12d0284ce5e0e4f8",
                "sha256:d84029b190c8a66a946e28b4d3934d2ca1528ec94764b180f7d6ea57b0e75e26",
                "sha256:e2d0c5b07c6fe5a87fa27b7855017edb0d52ee73b71e6ee368fae268605cc3f5",
                "sha256:f344ca230dd8e8d5eee16827596f1c22ec0876127c28e800d7ae20ed44c4b310"
            ],
            "version": "==5.7.0"
        },
        "ptyprocess": {
            "hashes": [
                "sha256:923f299cc5ad920c68f2bc0bc98b75b9f838b93b599941a6b63ddbc2476394c0",
                "sha256:d7cc528d76e76342423ca640335bd3633420dc1366f258cb31d05e865ef5ca1f"
            ],
            "version": "==0.6.0"
        },
        "pycodestyle": {
            "hashes": [
                "sha256:cbc619d09254895b0d12c2c691e237b2e91e9b2ecf5e84c26b35400f93dcfb83",
                "sha256:cbfca99bd594a10f674d0cd97a3d802a1fdef635d4361e1a2658de47ed261e3a"
            ],
            "version": "==2.4.0"
        },
        "pyflakes": {
            "hashes": [
                "sha256:9a7662ec724d0120012f6e29d6248ae3727d821bba522a0e6b356eff19126a49",
                "sha256:f661252913bc1dbe7fcfcbf0af0db3f42ab65aabd1a6ca68fe5d466bace94dae"
            ],
            "version": "==2.0.0"
        },
        "pygments": {
            "hashes": [
                "sha256:647344a061c249a3b74e230c739f434d7ea4d8b1d5f3721bc0f3558049b38f44",
                "sha256:ff7a40b4860b727ab48fad6360eb351cc1b33cbf9b15a0f689ca5353e9463324"
            ],
            "version": "==2.6.1"
        },
        "pylint": {
            "hashes": [
                "sha256:1d6d3622c94b4887115fe5204982eee66fdd8a951cf98635ee5caee6ec98c3ec",
                "sha256:31142f764d2a7cd41df5196f9933b12b7ee55e73ef12204b648ad7e556c119fb"
            ],
            "index": "pypi",
            "version": "==2.1.1"
        },
        "radon": {
            "hashes": [
                "sha256:38e495a4aa4c1d7293d3c1733393961fb52209c9bc2d75163c3ba8124d8bbbaa",
                "sha256:f893f2faa632a060f6d0f01843d10a0395515bde865c759c0dd3f15239caf11b"
            ],
            "index": "pypi",
            "version": "==2.4.0"
        },
        "six": {
            "hashes": [
                "sha256:30639c035cdb23534cd4aa2dd52c3bf48f06e5f4a941509c8bafd8ce11080259",
                "sha256:8b74bedcbbbaca38ff6d7491d76f2b06b3592611af620f8426e82dddb04a5ced"
            ],
            "version": "==1.15.0"
        },
        "toml": {
            "hashes": [
                "sha256:926b612be1e5ce0634a2ca03470f95169cf16f939018233a670519cb4ac58b0f",
                "sha256:bda89d5935c2eac546d648028b9901107a595863cb36bae0c73ac804a9b4ce88"
            ],
            "version": "==0.10.1"
        },
        "traitlets": {
            "hashes": [
                "sha256:70b4c6a1d9019d7b4f6846832288f86998aa3b9207c6821f3578a6a6a467fe44",
                "sha256:d023ee369ddd2763310e4c3eae1ff649689440d4ae59d7485eb4cfbbe3e359f7"
            ],
            "version": "==4.3.3"
        },
        "wcwidth": {
            "hashes": [
                "sha256:980fbf4f3c196c0f329cdcd1e84c554d6a211f18e252e525a0cf4223154a41d6",
                "sha256:edbc2b718b4db6cdf393eefe3a420183947d6aa312505ce6754516f458ff8830"
            ],
            "version": "==0.2.3"
        },
        "wrapt": {
            "hashes": [
                "sha256:b62ffa81fb85f4332a4f609cab4ac40709470da05643a082ec1eb88e6d9b97d7"
            ],
            "version": "==1.12.1"
        },
        "yapf": {
            "hashes": [
                "sha256:b96815bd0bbd2ab290f2ae9e610756940b17a0523ef2f6b2d31da749fc395137",
                "sha256:cebb6faf35c9027c08996c07831b8971f3d67c0eb615269f66dfd7e6815fdc2a"
            ],
            "index": "pypi",
            "version": "==0.24.0"
        }
    }
}
